
Microsoft Visual Studio Solution File, Format Version 12.00
# Visual Studio Version 17
VisualStudioVersion = 17.11.35222.181
MinimumVisualStudioVersion = 10.0.40219.1
Project("{FAE04EC0-301F-11D3-BF4B-00C04F79EFBC}") = "RealEstate", "RealEstate\RealEstate.csproj", "{A4C4E8B2-9F7C-4A9E-8562-28D5CF145605}"
EndProject
Global
	GlobalSection(SolutionConfigurationPlatforms) = preSolution
		Debug|Any CPU = Debug|Any CPU
		Release|Any CPU = Release|Any CPU
	EndGlobalSection
	GlobalSection(ProjectConfigurationPlatforms) = postSolution
		{A4C4E8B2-9F7C-4A9E-8562-28D5CF145605}.Debug|Any CPU.ActiveCfg = Debug|Any CPU
		{A4C4E8B2-9F7C-4A9E-8562-28D5CF145605}.Debug|Any CPU.Build.0 = Debug|Any CPU
		{A4C4E8B2-9F7C-4A9E-8562-28D5CF145605}.Release|Any CPU.ActiveCfg = Release|Any CPU
		{A4C4E8B2-9F7C-4A9E-8562-28D5CF145605}.Release|Any CPU.Build.0 = Release|Any CPU
	EndGlobalSection
	GlobalSection(SolutionProperties) = preSolution
		HideSolutionNode = FALSE
	EndGlobalSection
	GlobalSection(ExtensibilityGlobals) = postSolution
		SolutionGuid = {95F6A592-6752-4476-A215-6BCB46F2A48D}
	EndGlobalSection
EndGlobal
